
Microsoft Visual Studio Solution File, Format Version 12.00
Project("{FAE04EC0-301F-11D3-BF4B-00C04F79EFBC}") = "Server", "Server\Server.csproj", "{E29CD368-2F68-4D92-94C7-0B8FF7AC42A8}"
EndProject
Project("{FAE04EC0-301F-11D3-BF4B-00C04F79EFBC}") = "Expo", "Expo\Expo.csproj", "{1F9B18D2-56A6-4D04-A8CD-D6C86F9B16A4}"
EndProject
Project("{FAE04EC0-301F-11D3-BF4B-00C04F79EFBC}") = "Subscription", "Subscription\Subscription.csproj", "{0174A950-0330-4C6E-B9F1-9BBE258480EE}"
EndProject
Project("{FAE04EC0-301F-11D3-BF4B-00C04F79EFBC}") = "Bot", "Bot\Bot.csproj", "{3DFF72A7-68E9-46D7-883B-8EB94CB494AD}"
EndProject
Project("{FAE04EC0-301F-11D3-BF4B-00C04F79EFBC}") = "Hello World", "Hello World\Hello World.csproj", "{E12AAFB2-3E89-4F16-9DFA-F5D7F4A48302}"
EndProject
Global
	GlobalSection(SolutionConfigurationPlatforms) = preSolution
		Debug|Any CPU = Debug|Any CPU
		Release|Any CPU = Release|Any CPU
	EndGlobalSection
	GlobalSection(ProjectConfigurationPlatforms) = postSolution
		{E29CD368-2F68-4D92-94C7-0B8FF7AC42A8}.Debug|Any CPU.ActiveCfg = Debug|Any CPU
		{E29CD368-2F68-4D92-94C7-0B8FF7AC42A8}.Debug|Any CPU.Build.0 = Debug|Any CPU
		{E29CD368-2F68-4D92-94C7-0B8FF7AC42A8}.Release|Any CPU.ActiveCfg = Release|Any CPU
		{E29CD368-2F68-4D92-94C7-0B8FF7AC42A8}.Release|Any CPU.Build.0 = Release|Any CPU
		{1F9B18D2-56A6-4D04-A8CD-D6C86F9B16A4}.Debug|Any CPU.ActiveCfg = Debug|Any CPU
		{1F9B18D2-56A6-4D04-A8CD-D6C86F9B16A4}.Debug|Any CPU.Build.0 = Debug|Any CPU
		{1F9B18D2-56A6-4D04-A8CD-D6C86F9B16A4}.Release|Any CPU.ActiveCfg = Release|Any CPU
		{1F9B18D2-56A6-4D04-A8CD-D6C86F9B16A4}.Release|Any CPU.Build.0 = Release|Any CPU
		{0174A950-0330-4C6E-B9F1-9BBE258480EE}.Debug|Any CPU.ActiveCfg = Debug|Any CPU
		{0174A950-0330-4C6E-B9F1-9BBE258480EE}.Debug|Any CPU.Build.0 = Debug|Any CPU
		{0174A950-0330-4C6E-B9F1-9BBE258480EE}.Release|Any CPU.ActiveCfg = Release|Any CPU
		{0174A950-0330-4C6E-B9F1-9BBE258480EE}.Release|Any CPU.Build.0 = Release|Any CPU
		{3DFF72A7-68E9-46D7-883B-8EB94CB494AD}.Debug|Any CPU.ActiveCfg = Debug|Any CPU
		{3DFF72A7-68E9-46D7-883B-8EB94CB494AD}.Debug|Any CPU.Build.0 = Debug|Any CPU
		{3DFF72A7-68E9-46D7-883B-8EB94CB494AD}.Release|Any CPU.ActiveCfg = Release|Any CPU
		{3DFF72A7-68E9-46D7-883B-8EB94CB494AD}.Release|Any CPU.Build.0 = Release|Any CPU
		{E12AAFB2-3E89-4F16-9DFA-F5D7F4A48302}.Debug|Any CPU.ActiveCfg = Debug|Any CPU
		{E12AAFB2-3E89-4F16-9DFA-F5D7F4A48302}.Debug|Any CPU.Build.0 = Debug|Any CPU
		{E12AAFB2-3E89-4F16-9DFA-F5D7F4A48302}.Release|Any CPU.ActiveCfg = Release|Any CPU
		{E12AAFB2-3E89-4F16-9DFA-F5D7F4A48302}.Release|Any CPU.Build.0 = Release|Any CPU
	EndGlobalSection
EndGlobal
